
Microsoft Visual Studio Solution File, Format Version 12.00
# Visual Studio Version 16
VisualStudioVersion = 16.0.30611.23
MinimumVisualStudioVersion = 10.0.40219.1
Project("{FAE04EC0-301F-11D3-BF4B-00C04F79EFBC}") = "Rogue Runner", "Rogue Runner\Rogue Runner.csproj", "{AC6DD3D2-11B0-47C2-9AF7-CD55C829AF8B}"
EndProject
Global
	GlobalSection(SolutionConfigurationPlatforms) = preSolution
		Debug|Any CPU = Debug|Any CPU
		Release|Any CPU = Release|Any CPU
	EndGlobalSection
	GlobalSection(ProjectConfigurationPlatforms) = postSolution
		{AC6DD3D2-11B0-47C2-9AF7-CD55C829AF8B}.Debug|Any CPU.ActiveCfg = Debug|Any CPU
		{AC6DD3D2-11B0-47C2-9AF7-CD55C829AF8B}.Debug|Any CPU.Build.0 = Debug|Any CPU
		{AC6DD3D2-11B0-47C2-9AF7-CD55C829AF8B}.Release|Any CPU.ActiveCfg = Release|Any CPU
		{AC6DD3D2-11B0-47C2-9AF7-CD55C829AF8B}.Release|Any CPU.Build.0 = Release|Any CPU
	EndGlobalSection
	GlobalSection(SolutionProperties) = preSolution
		HideSolutionNode = FALSE
	EndGlobalSection
	GlobalSection(ExtensibilityGlobals) = postSolution
		SolutionGuid = {0B8F7EDB-8139-4BE3-8185-F17CEF35F0B8}
	EndGlobalSection
EndGlobal
